{
  "name": "exifier",
  "version": "1.0.0",
  "lockfileVersion": 3,
  "requires": true,
  "packages": {
    "": {
      "name": "exifier",
      "version": "1.0.0",
      "license": "ISC",
      "dependencies": {
        "exifreader": "^4.38.0"
      }
    },
    "node_modules/@xmldom/xmldom": {
      "version": "0.9.9",
      "resolved": "https://registry.npmjs.org/@xmldom/xmldom/-/xmldom-0.9.9.tgz",
      "integrity": "sha512-qycIHAucxy/LXAYIjmLmtQ8q9GPnMbnjG1KXhWm9o5sCr6pOYDATkMPiTNa6/v8eELyqOQ2FsEqeoFYmgv/gJg==",
      "license": "MIT",
      "optional": true,
      "engines": {
        "node": ">=14.6"
      }
    },
    "node_modules/exifreader": {
      "version": "4.38.0",
      "resolved": "https://registry.npmjs.org/exifreader/-/exifreader-4.38.0.tgz",
      "integrity": "sha512-uUFJS7H1mToAUoqO8uX/EkAYRYyvwr+JuRBKtWv6kDbTJoB+woiddDULGm42Em02N0CIwk/TTJqLwzM2Iygbiw==",
      "hasInstallScript": true,
      "license": "MPL-2.0",
      "optionalDependencies": {
        "@xmldom/xmldom": "^0.9.4"
      }
    }
  }
}
